
Microsoft Visual Studio Solution File, Format Version 12.00
# Visual Studio Version 17
VisualStudioVersion = 17.2.32602.215
MinimumVisualStudioVersion = 10.0.40219.1
Project("{FAE04EC0-301F-11D3-BF4B-00C04F79EFBC}") = "mvcweb", "mvcweb\mvcweb.csproj", "{4772C56C-8F9E-4C6E-BC96-098251B2B295}"
EndProject
Global
	GlobalSection(SolutionConfigurationPlatforms) = preSolution
		Debug|Any CPU = Debug|Any CPU
		Release|Any CPU = Release|Any CPU
	EndGlobalSection
	GlobalSection(ProjectConfigurationPlatforms) = postSolution
		{4772C56C-8F9E-4C6E-BC96-098251B2B295}.Debug|Any CPU.ActiveCfg = Debug|Any CPU
		{4772C56C-8F9E-4C6E-BC96-098251B2B295}.Debug|Any CPU.Build.0 = Debug|Any CPU
		{4772C56C-8F9E-4C6E-BC96-098251B2B295}.Release|Any CPU.ActiveCfg = Release|Any CPU
		{4772C56C-8F9E-4C6E-BC96-098251B2B295}.Release|Any CPU.Build.0 = Release|Any CPU
	EndGlobalSection
	GlobalSection(SolutionProperties) = preSolution
		HideSolutionNode = FALSE
	EndGlobalSection
	GlobalSection(ExtensibilityGlobals) = postSolution
		SolutionGuid = {82BD65AD-E1FA-42F5-92BF-B0406E2A5B6F}
	EndGlobalSection
EndGlobal
